
Microsoft Visual Studio Solution File, Format Version 12.00
# Visual Studio Version 17
VisualStudioVersion = 17.7.34024.191
MinimumVisualStudioVersion = 10.0.40219.1
Project("{FAE04EC0-301F-11D3-BF4B-00C04F79EFBC}") = "CS2ServerCreator", "CS2ServerCreator.csproj", "{DB40B6BE-C7BB-42AF-A340-E096EB1A2329}"
EndProject
Global
	GlobalSection(SolutionConfigurationPlatforms) = preSolution
		Debug|Any CPU = Debug|Any CPU
		Release|Any CPU = Release|Any CPU
	EndGlobalSection
	GlobalSection(ProjectConfigurationPlatforms) = postSolution
		{DB40B6BE-C7BB-42AF-A340-E096EB1A2329}.Debug|Any CPU.ActiveCfg = Debug|Any CPU
		{DB40B6BE-C7BB-42AF-A340-E096EB1A2329}.Debug|Any CPU.Build.0 = Debug|Any CPU
		{DB40B6BE-C7BB-42AF-A340-E096EB1A2329}.Release|Any CPU.ActiveCfg = Release|Any CPU
		{DB40B6BE-C7BB-42AF-A340-E096EB1A2329}.Release|Any CPU.Build.0 = Release|Any CPU
	EndGlobalSection
	GlobalSection(SolutionProperties) = preSolution
		HideSolutionNode = FALSE
	EndGlobalSection
	GlobalSection(ExtensibilityGlobals) = postSolution
		SolutionGuid = {387BB104-1080-4AE4-AD38-B747CC6C8B0B}
	EndGlobalSection
EndGlobal
